{
  "version": 4,
  "terraform_version": "1.11.4",
  "serial": 5,
  "lineage": "065a6a39-319e-4b21-48f5-19c11c2568b3",
  "outputs": {},
  "resources": [
    {
      "mode": "managed",
      "type": "google_container_cluster",
      "name": "k8s_cluster",
      "provider": "provider[\"registry.terraform.io/hashicorp/google\"]",
      "instances": [
        {
          "schema_version": 1,
          "attributes": {
            "addons_config": [
              {
                "cloudrun_config": [],
                "config_connector_config": [],
                "dns_cache_config": [],
                "gce_persistent_disk_csi_driver_config": [
                  {
                    "enabled": true
                  }
                ],
                "gcp_filestore_csi_driver_config": [],
                "gcs_fuse_csi_driver_config": [],
                "gke_backup_agent_config": [],
                "horizontal_pod_autoscaling": [],
                "http_load_balancing": [],
                "network_policy_config": [
                  {
                    "disabled": true
                  }
                ]
              }
            ],
            "allow_net_admin": null,
            "authenticator_groups_config": [],
            "binary_authorization": [
              {
                "enabled": false,
                "evaluation_mode": ""
              }
            ],
            "cluster_autoscaling": [
              {
                "auto_provisioning_defaults": [],
                "enabled": false,
                "resource_limits": []
              }
            ],
            "cluster_ipv4_cidr": "10.20.0.0/14",
            "confidential_nodes": [],
            "cost_management_config": [],
            "database_encryption": [
              {
                "key_name": "",
                "state": "DECRYPTED"
              }
            ],
            "datapath_provider": "",
            "default_max_pods_per_node": null,
            "default_snat_status": [
              {
                "disabled": false
              }
            ],
            "description": "",
            "dns_config": [],
            "enable_autopilot": false,
            "enable_binary_authorization": false,
            "enable_intranode_visibility": false,
            "enable_k8s_beta_apis": [],
            "enable_kubernetes_alpha": false,
            "enable_l4_ilb_subsetting": false,
            "enable_legacy_abac": false,
            "enable_shielded_nodes": true,
            "enable_tpu": false,
            "endpoint": "35.187.90.37",
            "gateway_api_config": [],
            "id": "projects/sixth-now-459322-e7/locations/europe-west1/clusters/my-cluster",
            "initial_node_count": 1,
            "ip_allocation_policy": [],
            "label_fingerprint": "a9dc16a7",
            "location": "europe-west1",
            "logging_config": [
              {
                "enable_components": []
              }
            ],
            "logging_service": "none",
            "maintenance_policy": [],
            "master_auth": [
              {
                "client_certificate": "",
                "client_certificate_config": [
                  {
                    "issue_client_certificate": false
                  }
                ],
                "client_key": "",
                "cluster_ca_certificate": "LS0tLS1CRUdJTiBDRVJUSUZJQ0FURS0tLS0tCk1JSUVMVENDQXBXZ0F3SUJBZ0lSQUpFcWN4TkcrdE41Y2JnRkNRZC9iZEl3RFFZSktvWklodmNOQVFFTEJRQXcKTHpFdE1Dc0dBMVVFQXhNa1l6UmhNems1TTJFdE1tSTBaUzAwTXpFMkxXRXpabUl0TjJVd1pXUTFZV1JpWXpVNQpNQ0FYRFRJMU1EVXhNVEUzTXpJek9Wb1lEekl3TlRVd05UQTBNVGd6TWpNNVdqQXZNUzB3S3dZRFZRUURFeVJqCk5HRXpPVGt6WVMweVlqUmxMVFF6TVRZdFlUTm1ZaTAzWlRCbFpEVmhaR0pqTlRrd2dnR2lNQTBHQ1NxR1NJYjMKRFFFQkFRVUFBNElCandBd2dnR0tBb0lCZ1FEcU9keFRxVnZuVHRGWnVhdmZMZkdQMVZ6Smx2SXNQSFdDcThMYwo3YXpoL041NERRbVl1SDkrVVFFTElKNkQvcWFSdHRHOFZTdHJUU3JQeTRvMVM5SzAxeE5PNnVOUmpIQmNlbVVWCkRZRVdVZU8wSUlFc3Z3cjBMY3BnQkF0bmpDbG9aYjVCbnd4YmJUVWIxVHo0Q3AxVVNDTHNOWDZtWGZNbWdkemUKeEk5Y1IyT2xPajdUemtML2NBbmxGbCtReEl4WllTR29zdnppOWhJSlJnUHJNNTdIVDFyeW9NL3JhS2N3VG1hdgppbDgxNDdUNGNzNWJ6Y0wyN1hDWTFNQnZZcVdrajQzelJxZU0vSTAvckNCcWlHUjJBTkROZ3NEdVRKNGlmSk5oCnJtdkZ3QTl3SUpicjVmOW9QeE50MWdKMUtVYkdkTDduMkIya3FrOHhtQmJLQzd6Sm5pa293a29mUStQSDlNVk0Kd1AxNlFzSXdzYm1oZzNpUnZwR1EzVU43WWJwSkwrMU9TdjlKNWgyMnhDOWcvbitYNENzWk1neEJiWW1FVWVZagpjdEdWV0NDNTI0MkFqRFloYS83ckJySVRWUVp6ajVaUTJTa2RUSXdlYU5KMUFNUXl2SWQzbzdod0NuSmZZdVU3Ckoxd0Y0VmVpdmZCNFpFaU0zWDQ3ckpqVEpDa0NBd0VBQWFOQ01FQXdEZ1lEVlIwUEFRSC9CQVFEQWdJRU1BOEcKQTFVZEV3RUIvd1FGTUFNQkFmOHdIUVlEVlIwT0JCWUVGQnZBbFl5ejV0ZkM5bXVLbnV3YndpdHRvbCtRTUEwRwpDU3FHU0liM0RRRUJDd1VBQTRJQmdRRFp2a3MzTjhmU04zSzRCVTlDM2s4dnBzNFZwN2d5VTZqQlM5czdoeUxmCk1uQVhQM2xIZ3gzMVk2OU4zTmNZb2lRakFsOEtqM0ZmNERaQnVYYldOeXh1aWM1LzJxdk9OR2p2enFBbXlQK24KaFk2VVZGOXBWTkF2QWQ0c3JUckw0TFpGNnlrdXVleEZWd2JIWmJSQm0wNTR2Sk11U01WdXhJbjl0eXpPT1Z1NQptOGNCbEZNWGYraTN2MUNqSjRLdkZZZ1F4OUV4Vm5DMC83K25xT3lKZGg0dmxxem5yN0JHeCtkYXYwcEJ3Y1BICk1VclgwaS9qUWRtRDhWZXRsbnFPVlluWFhncS81MnV6TkIvRFRjeFB6Vko1NzB4cmxwZzJrSnovdUJMbnZWRTAKYlBRZ2l5WkJoT1ZNaTRXM0Y4cDIwYVVSbkJObW52S01JK05GRGpFUEJpd0hnRkw4U1E2b3Q1N2RESVZpREJPeQpNYzBpVGxra3dQbUtTNkU3bVNNMlRyTDZ6Vml2b1BNcGJBdzE5b1JFMmZHbUdmR2VLRjhIOVNJdjNmaWg0YTBMCm9MNFNRKzFDMnBvSFd0TlhiUERVb2w0RHo5OGhCbGppaktyMEtldGh6ZEZON3BFUXhJZno0NEYrSFhrWXc0czEKVG4wOE5WZ2hKeitIYkRtMTZ2WnIrWUU9Ci0tLS0tRU5EIENFUlRJRklDQVRFLS0tLS0K"
              }
            ],
            "master_authorized_networks_config": [],
            "master_version": "1.32.2-gke.1297002",
            "mesh_certificates": [],
            "min_master_version": null,
            "monitoring_config": [
              {
                "advanced_datapath_observability_config": [
                  {
                    "enable_metrics": false,
                    "relay_mode": ""
                  }
                ],
                "enable_components": [
                  "DAEMONSET",
                  "DEPLOYMENT",
                  "STATEFULSET",
                  "JOBSET",
                  "STORAGE",
                  "HPA",
                  "POD",
                  "KUBELET",
                  "CADVISOR",
                  "DCGM"
                ],
                "managed_prometheus": [
                  {
                    "enabled": true
                  }
                ]
              }
            ],
            "monitoring_service": "none",
            "name": "my-cluster",
            "network": "projects/sixth-now-459322-e7/global/networks/default",
            "network_policy": [
              {
                "enabled": false,
                "provider": "PROVIDER_UNSPECIFIED"
              }
            ],
            "networking_mode": "ROUTES",
            "node_config": [],
            "node_locations": [
              "europe-west1-b",
              "europe-west1-c",
              "europe-west1-d"
            ],
            "node_pool": [],
            "node_pool_auto_config": [
              {
                "network_tags": null
              }
            ],
            "node_pool_defaults": [
              {
                "node_config_defaults": [
                  {
                    "logging_variant": "DEFAULT"
                  }
                ]
              }
            ],
            "node_version": "1.32.2-gke.1297002",
            "notification_config": [
              {
                "pubsub": [
                  {
                    "enabled": false,
                    "filter": [],
                    "topic": ""
                  }
                ]
              }
            ],
            "operation": null,
            "private_cluster_config": [
              {
                "enable_private_endpoint": false,
                "enable_private_nodes": false,
                "master_global_access_config": [
                  {
                    "enabled": false
                  }
                ],
                "master_ipv4_cidr_block": "",
                "peering_name": "",
                "private_endpoint": "10.132.0.8",
                "private_endpoint_subnetwork": "",
                "public_endpoint": "35.187.90.37"
              }
            ],
            "private_ipv6_google_access": "",
            "project": "sixth-now-459322-e7",
            "release_channel": [
              {
                "channel": "REGULAR"
              }
            ],
            "remove_default_node_pool": true,
            "resource_labels": null,
            "resource_usage_export_config": [],
            "security_posture_config": [
              {
                "mode": "BASIC",
                "vulnerability_mode": "VULNERABILITY_MODE_UNSPECIFIED"
              }
            ],
            "self_link": "https://container.googleapis.com/v1/projects/sixth-now-459322-e7/locations/europe-west1/clusters/my-cluster",
            "service_external_ips_config": [
              {
                "enabled": false
              }
            ],
            "services_ipv4_cidr": "10.23.240.0/20",
            "subnetwork": "projects/sixth-now-459322-e7/regions/europe-west1/subnetworks/default",
            "timeouts": null,
            "tpu_ipv4_cidr_block": "",
            "vertical_pod_autoscaling": [],
            "workload_identity_config": []
          },
          "sensitive_attributes": [
            [
              {
                "type": "get_attr",
                "value": "master_auth"
              },
              {
                "type": "index",
                "value": {
                  "value": 0,
                  "type": "number"
                }
              },
              {
                "type": "get_attr",
                "value": "client_key"
              }
            ]
          ],
          "private": "eyJlMmJmYjczMC1lY2FhLTExZTYtOGY4OC0zNDM2M2JjN2M0YzAiOnsiY3JlYXRlIjoyNDAwMDAwMDAwMDAwLCJkZWxldGUiOjI0MDAwMDAwMDAwMDAsInJlYWQiOjI0MDAwMDAwMDAwMDAsInVwZGF0ZSI6MzYwMDAwMDAwMDAwMH0sInNjaGVtYV92ZXJzaW9uIjoiMSJ9"
        }
      ]
    },
    {
      "mode": "managed",
      "type": "google_container_node_pool",
      "name": "application_pool",
      "provider": "provider[\"registry.terraform.io/hashicorp/google\"]",
      "instances": [
        {
          "schema_version": 1,
          "attributes": {
            "autoscaling": [
              {
                "location_policy": "BALANCED",
                "max_node_count": 3,
                "min_node_count": 1,
                "total_max_node_count": 0,
                "total_min_node_count": 0
              }
            ],
            "cluster": "my-cluster",
            "id": "projects/sixth-now-459322-e7/locations/europe-west1/clusters/my-cluster/nodePools/application-pool",
            "initial_node_count": 1,
            "instance_group_urls": [
              "https://www.googleapis.com/compute/v1/projects/sixth-now-459322-e7/zones/europe-west1-d/instanceGroupManagers/gke-my-cluster-application-pool-035f472d-grp",
              "https://www.googleapis.com/compute/v1/projects/sixth-now-459322-e7/zones/europe-west1-c/instanceGroupManagers/gke-my-cluster-application-pool-f3ae3885-grp",
              "https://www.googleapis.com/compute/v1/projects/sixth-now-459322-e7/zones/europe-west1-b/instanceGroupManagers/gke-my-cluster-application-pool-ab5be49a-grp"
            ],
            "location": "europe-west1",
            "managed_instance_group_urls": [
              "https://www.googleapis.com/compute/v1/projects/sixth-now-459322-e7/zones/europe-west1-d/instanceGroups/gke-my-cluster-application-pool-035f472d-grp",
              "https://www.googleapis.com/compute/v1/projects/sixth-now-459322-e7/zones/europe-west1-c/instanceGroups/gke-my-cluster-application-pool-f3ae3885-grp",
              "https://www.googleapis.com/compute/v1/projects/sixth-now-459322-e7/zones/europe-west1-b/instanceGroups/gke-my-cluster-application-pool-ab5be49a-grp"
            ],
            "management": [
              {
                "auto_repair": true,
                "auto_upgrade": true
              }
            ],
            "max_pods_per_node": null,
            "name": "application-pool",
            "name_prefix": "",
            "network_config": [],
            "node_config": [
              {
                "advanced_machine_features": [],
                "boot_disk_kms_key": "",
                "confidential_nodes": [],
                "disk_size_gb": 30,
                "disk_type": "pd-standard",
                "ephemeral_storage_local_ssd_config": [],
                "fast_socket": [],
                "gcfs_config": [],
                "guest_accelerator": [],
                "gvnic": [],
                "host_maintenance_policy": [],
                "image_type": "COS_CONTAINERD",
                "kubelet_config": [
                  {
                    "cpu_cfs_quota": false,
                    "cpu_cfs_quota_period": "",
                    "cpu_manager_policy": "",
                    "pod_pids_limit": 0
                  }
                ],
                "labels": {},
                "linux_node_config": [],
                "local_nvme_ssd_block_config": [],
                "local_ssd_count": 0,
                "logging_variant": "DEFAULT",
                "machine_type": "e2-medium",
                "metadata": {
                  "disable-legacy-endpoints": "true"
                },
                "min_cpu_platform": "",
                "node_group": "",
                "oauth_scopes": [
                  "https://www.googleapis.com/auth/cloud-platform"
                ],
                "preemptible": false,
                "reservation_affinity": [],
                "resource_labels": {
                  "goog-gke-node-pool-provisioning-model": "on-demand"
                },
                "service_account": "default",
                "shielded_instance_config": [
                  {
                    "enable_integrity_monitoring": true,
                    "enable_secure_boot": false
                  }
                ],
                "sole_tenant_config": [],
                "spot": false,
                "tags": null,
                "taint": [],
                "workload_metadata_config": []
              }
            ],
            "node_count": 1,
            "node_locations": [
              "europe-west1-b",
              "europe-west1-c",
              "europe-west1-d"
            ],
            "operation": null,
            "placement_policy": [],
            "project": "sixth-now-459322-e7",
            "timeouts": null,
            "upgrade_settings": [
              {
                "blue_green_settings": [],
                "max_surge": 1,
                "max_unavailable": 0,
                "strategy": "SURGE"
              }
            ],
            "version": "1.32.2-gke.1297002"
          },
          "sensitive_attributes": [],
          "private": "eyJlMmJmYjczMC1lY2FhLTExZTYtOGY4OC0zNDM2M2JjN2M0YzAiOnsiY3JlYXRlIjoxODAwMDAwMDAwMDAwLCJkZWxldGUiOjE4MDAwMDAwMDAwMDAsInVwZGF0ZSI6MTgwMDAwMDAwMDAwMH0sInNjaGVtYV92ZXJzaW9uIjoiMSJ9",
          "dependencies": [
            "google_container_cluster.k8s_cluster"
          ]
        }
      ]
    },
    {
      "mode": "managed",
      "type": "google_container_node_pool",
      "name": "main_pool",
      "provider": "provider[\"registry.terraform.io/hashicorp/google\"]",
      "instances": [
        {
          "schema_version": 1,
          "attributes": {
            "autoscaling": [],
            "cluster": "my-cluster",
            "id": "projects/sixth-now-459322-e7/locations/europe-west1/clusters/my-cluster/nodePools/main-pool",
            "initial_node_count": 1,
            "instance_group_urls": [
              "https://www.googleapis.com/compute/v1/projects/sixth-now-459322-e7/zones/europe-west1-d/instanceGroupManagers/gke-my-cluster-main-pool-528bd06e-grp",
              "https://www.googleapis.com/compute/v1/projects/sixth-now-459322-e7/zones/europe-west1-c/instanceGroupManagers/gke-my-cluster-main-pool-2bd62a95-grp",
              "https://www.googleapis.com/compute/v1/projects/sixth-now-459322-e7/zones/europe-west1-b/instanceGroupManagers/gke-my-cluster-main-pool-41f0d95f-grp"
            ],
            "location": "europe-west1",
            "managed_instance_group_urls": [
              "https://www.googleapis.com/compute/v1/projects/sixth-now-459322-e7/zones/europe-west1-d/instanceGroups/gke-my-cluster-main-pool-528bd06e-grp",
              "https://www.googleapis.com/compute/v1/projects/sixth-now-459322-e7/zones/europe-west1-c/instanceGroups/gke-my-cluster-main-pool-2bd62a95-grp",
              "https://www.googleapis.com/compute/v1/projects/sixth-now-459322-e7/zones/europe-west1-b/instanceGroups/gke-my-cluster-main-pool-41f0d95f-grp"
            ],
            "management": [
              {
                "auto_repair": true,
                "auto_upgrade": true
              }
            ],
            "max_pods_per_node": null,
            "name": "main-pool",
            "name_prefix": "",
            "network_config": [],
            "node_config": [
              {
                "advanced_machine_features": [],
                "boot_disk_kms_key": "",
                "confidential_nodes": [],
                "disk_size_gb": 30,
                "disk_type": "pd-standard",
                "ephemeral_storage_local_ssd_config": [],
                "fast_socket": [],
                "gcfs_config": [],
                "guest_accelerator": [],
                "gvnic": [],
                "host_maintenance_policy": [],
                "image_type": "COS_CONTAINERD",
                "kubelet_config": [
                  {
                    "cpu_cfs_quota": false,
                    "cpu_cfs_quota_period": "",
                    "cpu_manager_policy": "",
                    "pod_pids_limit": 0
                  }
                ],
                "labels": {},
                "linux_node_config": [],
                "local_nvme_ssd_block_config": [],
                "local_ssd_count": 0,
                "logging_variant": "DEFAULT",
                "machine_type": "e2-medium",
                "metadata": {
                  "disable-legacy-endpoints": "true"
                },
                "min_cpu_platform": "",
                "node_group": "",
                "oauth_scopes": [
                  "https://www.googleapis.com/auth/cloud-platform"
                ],
                "preemptible": false,
                "reservation_affinity": [],
                "resource_labels": {
                  "goog-gke-node-pool-provisioning-model": "on-demand"
                },
                "service_account": "default",
                "shielded_instance_config": [
                  {
                    "enable_integrity_monitoring": true,
                    "enable_secure_boot": false
                  }
                ],
                "sole_tenant_config": [],
                "spot": false,
                "tags": null,
                "taint": [],
                "workload_metadata_config": []
              }
            ],
            "node_count": 1,
            "node_locations": [
              "europe-west1-b",
              "europe-west1-c",
              "europe-west1-d"
            ],
            "operation": null,
            "placement_policy": [],
            "project": "sixth-now-459322-e7",
            "timeouts": null,
            "upgrade_settings": [
              {
                "blue_green_settings": [],
                "max_surge": 1,
                "max_unavailable": 0,
                "strategy": "SURGE"
              }
            ],
            "version": "1.32.2-gke.1297002"
          },
          "sensitive_attributes": [],
          "private": "eyJlMmJmYjczMC1lY2FhLTExZTYtOGY4OC0zNDM2M2JjN2M0YzAiOnsiY3JlYXRlIjoxODAwMDAwMDAwMDAwLCJkZWxldGUiOjE4MDAwMDAwMDAwMDAsInVwZGF0ZSI6MTgwMDAwMDAwMDAwMH0sInNjaGVtYV92ZXJzaW9uIjoiMSJ9",
          "dependencies": [
            "google_container_cluster.k8s_cluster"
          ]
        }
      ]
    }
  ],
  "check_results": null
}
